<?xml version="1.0" encoding="utf-8"?>
<Project ToolsVersion="4.0" xmlns="http://schemas.microsoft.com/developer/msbuild/2003">
  <ItemGroup>
    <Filter Include="源文件">
      <UniqueIdentifier>{4FC737F1-C7A5-4376-A066-2A32D752A2FF}</UniqueIdentifier>
      <Extensions>cpp;c;cc;cxx;def;odl;idl;hpj;bat;asm;asmx</Extensions>
    </Filter>
    <Filter Include="头文件">
      <UniqueIdentifier>{93995380-89BD-4b04-88EB-625FBE52EBFB}</UniqueIdentifier>
      <Extensions>h;hh;hpp;hxx;hm;inl;inc;ipp;xsd</Extensions>
    </Filter>
    <Filter Include="资源文件">
      <UniqueIdentifier>{67DA6AB6-F800-4c08-8B7A-83BB121AAD01}</UniqueIdentifier>
      <Extensions>rc;ico;cur;bmp;dlg;rc2;rct;bin;rgs;gif;jpg;jpeg;jpe;resx;tiff;tif;png;wav;mfcribbon-ms</Extensions>
    </Filter>
  </ItemGroup>
  <ItemGroup>
    <ClCompile Include="include\glad\glad.c">
      <Filter>源文件</Filter>
    </ClCompile>
    <ClCompile Include="Source\main.cpp">
      <Filter>源文件</Filter>
    </ClCompile>
    <ClCompile Include="include\stb_image.cpp">
      <Filter>源文件</Filter>
    </ClCompile>
    <ClCompile Include="Util\Camera.cpp">
      <Filter>源文件</Filter>
    </ClCompile>
    <ClCompile Include="Util\Shader.cpp">
      <Filter>源文件</Filter>
    </ClCompile>
    <ClCompile Include="Util\Texture2D.cpp">
      <Filter>源文件</Filter>
    </ClCompile>
    <ClCompile Include="Util\ResourceManager.cpp">
      <Filter>源文件</Filter>
    </ClCompile>
    <ClCompile Include="Source\MainWindow.cpp">
      <Filter>源文件</Filter>
    </ClCompile>
    <ClCompile Include="Source\Game.cpp">
      <Filter>源文件</Filter>
    </ClCompile>
    <ClCompile Include="Object\GameObject.cpp">
      <Filter>源文件</Filter>
    </ClCompile>
    <ClCompile Include="Object\SpritRenderer2D.cpp">
      <Filter>源文件</Filter>
    </ClCompile>
    <ClCompile Include="Object\Model.cpp">
      <Filter>源文件</Filter>
    </ClCompile>
    <ClCompile Include="Object\Mesh.cpp">
      <Filter>源文件</Filter>
    </ClCompile>
    <ClCompile Include="Object\Snake.cpp">
      <Filter>源文件</Filter>
    </ClCompile>
    <ClCompile Include="Object\Ball.cpp">
      <Filter>源文件</Filter>
    </ClCompile>
    <ClCompile Include="Object\SnakeNode.cpp">
      <Filter>源文件</Filter>
    </ClCompile>
  </ItemGroup>
  <ItemGroup>
    <None Include=".gitignore" />
    <None Include="assimp-vc140-mt.dll" />
    <None Include="shaders\sprite.fs" />
    <None Include="shaders\sprite.vs" />
    <None Include="shaders\ball.fs" />
    <None Include="shaders\ball.vs" />
    <None Include="shaders\nanosuit.fs" />
    <None Include="shaders\nanosuit.vs" />
  </ItemGroup>
  <ItemGroup>
    <ClInclude Include="Head\Shader.h">
      <Filter>头文件</Filter>
    </ClInclude>
    <ClInclude Include="include\glad\glad.h">
      <Filter>头文件</Filter>
    </ClInclude>
    <ClInclude Include="include\GLFW\glfw3.h">
      <Filter>头文件</Filter>
    </ClInclude>
    <ClInclude Include="include\GLFW\glfw3native.h">
      <Filter>头文件</Filter>
    </ClInclude>
    <ClInclude Include="include\KHR\khrplatform.h">
      <Filter>头文件</Filter>
    </ClInclude>
    <ClInclude Include="include\stb_image.h">
      <Filter>头文件</Filter>
    </ClInclude>
    <ClInclude Include="Head\Camera.h">
      <Filter>头文件</Filter>
    </ClInclude>
    <ClInclude Include="Head\Mesh.h">
      <Filter>头文件</Filter>
    </ClInclude>
    <ClInclude Include="Head\Model.h">
      <Filter>头文件</Filter>
    </ClInclude>
    <ClInclude Include="Head\MainWindow.h">
      <Filter>头文件</Filter>
    </ClInclude>
    <ClInclude Include="Head\GameObject.h">
      <Filter>头文件</Filter>
    </ClInclude>
    <ClInclude Include="Head\Game.h">
      <Filter>头文件</Filter>
    </ClInclude>
    <ClInclude Include="Head\Texture2D.h">
      <Filter>头文件</Filter>
    </ClInclude>
    <ClInclude Include="Head\ResourceManager.h">
      <Filter>头文件</Filter>
    </ClInclude>
    <ClInclude Include="Head\GameLevel.h">
      <Filter>头文件</Filter>
    </ClInclude>
    <ClInclude Include="Head\SpriteRenderer2D.h">
      <Filter>头文件</Filter>
    </ClInclude>
    <ClInclude Include="Head\Snake.h">
      <Filter>头文件</Filter>
    </ClInclude>
    <ClInclude Include="Head\Ball.h">
      <Filter>头文件</Filter>
    </ClInclude>
    <ClInclude Include="Head\SnakeNode.h">
      <Filter>头文件</Filter>
    </ClInclude>
  </ItemGroup>
  <ItemGroup>
    <Library Include="lib\glfw3.lib" />
  </ItemGroup>
  <ItemGroup>
    <Image Include="Resource\container.jpg">
      <Filter>资源文件</Filter>
    </Image>
    <Image Include="Resource\awesomeface.png">
      <Filter>资源文件</Filter>
    </Image>
    <Image Include="Resource\image_black.jpg">
      <Filter>资源文件</Filter>
    </Image>
    <Image Include="textures\awesomeface.png">
      <Filter>资源文件</Filter>
    </Image>
    <Image Include="textures\background.jpg">
      <Filter>资源文件</Filter>
    </Image>
    <Image Include="textures\begin_view.jpg">
      <Filter>资源文件</Filter>
    </Image>
    <Image Include="textures\block.png">
      <Filter>资源文件</Filter>
    </Image>
    <Image Include="textures\block_solid.png">
      <Filter>资源文件</Filter>
    </Image>
    <Image Include="textures\container.jpg">
      <Filter>资源文件</Filter>
    </Image>
    <Image Include="textures\paddle.png">
      <Filter>资源文件</Filter>
    </Image>
  </ItemGroup>
</Project>